
Microsoft Visual Studio Solution File, Format Version 12.00
# Visual Studio Version 17
VisualStudioVersion = 17.7.34031.279
MinimumVisualStudioVersion = 10.0.40219.1
Project("{FAE04EC0-301F-11D3-BF4B-00C04F79EFBC}") = "SamirConexionConBD", "SamirConexionConBD\SamirConexionConBD.csproj", "{D925104F-7B4D-47ED-86A9-7C29CF077A71}"
EndProject
Global
	GlobalSection(SolutionConfigurationPlatforms) = preSolution
		Debug|Any CPU = Debug|Any CPU
		Release|Any CPU = Release|Any CPU
	EndGlobalSection
	GlobalSection(ProjectConfigurationPlatforms) = postSolution
		{D925104F-7B4D-47ED-86A9-7C29CF077A71}.Debug|Any CPU.ActiveCfg = Debug|Any CPU
		{D925104F-7B4D-47ED-86A9-7C29CF077A71}.Debug|Any CPU.Build.0 = Debug|Any CPU
		{D925104F-7B4D-47ED-86A9-7C29CF077A71}.Release|Any CPU.ActiveCfg = Release|Any CPU
		{D925104F-7B4D-47ED-86A9-7C29CF077A71}.Release|Any CPU.Build.0 = Release|Any CPU
	EndGlobalSection
	GlobalSection(SolutionProperties) = preSolution
		HideSolutionNode = FALSE
	EndGlobalSection
	GlobalSection(ExtensibilityGlobals) = postSolution
		SolutionGuid = {A1A07BC7-3370-4574-A201-9E3F28A8F998}
	EndGlobalSection
EndGlobal
